{
  "requires": true,
  "lockfileVersion": 1,
  "dependencies": {
    "use-debounce": {
      "version": "3.3.0",
      "resolved": "https://registry.npmjs.org/use-debounce/-/use-debounce-3.3.0.tgz",
      "integrity": "sha512-p6b0ZxTTpFDtds138PvfrWB98pCMOfA8/c0yHLm9CudJ5l1lqcA0Zg/3Y8KCF/ghMKzOcE1/IknnW7H3wF8RhQ=="
    }
  }
}
