{
  "requires": true,
  "lockfileVersion": 1,
  "dependencies": {
    "use-immer": {
      "version": "0.3.5",
      "resolved": "https://registry.npmjs.org/use-immer/-/use-immer-0.3.5.tgz",
      "integrity": "sha512-0CNaJ/CtnF8/OmM4NBG7R0rhWMMQtgXPmWbakv8CK5z8dXeMaBYValFDXpkjBnToknjKJZuEPcoUZYd0rnQL2Q=="
    }
  }
}
